{"1.2.0",
[{<<"cargo">>,{pkg,<<"cargo">>,<<"0.1.2">>},1},
 {<<"jsx">>,{pkg,<<"jsx">>,<<"2.11.0">>},2},
 {<<"rebar3_cargo">>,{pkg,<<"rebar3_cargo">>,<<"0.1.0">>},0}]}.
[
{pkg_hash,[
 {<<"cargo">>, <<"1245B5A21454EBEABACF403911D54A82A0D457A3F635511A03AD06845F5ABF95">>},
 {<<"jsx">>, <<"08154624050333919B4AC1B789667D5F4DB166DC50E190C4D778D1587F102EE0">>},
 {<<"rebar3_cargo">>, <<"81EFB5F4B6F8BDD96CB146B9BB5C715596892108860C823DBB4CD5CF43A58A71">>}]},
{pkg_hash_ext,[
 {<<"cargo">>, <<"EB614BA74F9F5B61643E5CC607BBF7DDC8420D368661E31C04E0DB7AD47E21B3">>},
 {<<"jsx">>, <<"EED26A0D04D217F9EECEFFFB89714452556CF90EB38F290A27A4D45B9988F8C0">>},
 {<<"rebar3_cargo">>, <<"6056408A74CB0664669991FB80A1C82C5BC02B2C59E227E4ED350A4CE25C701D">>}]}
].
